
Microsoft Visual Studio Solution File, Format Version 12.00
# Visual Studio Version 17
VisualStudioVersion = 17.6.33815.320
MinimumVisualStudioVersion = 10.0.40219.1
Project("{9A19103F-16F7-4668-BE54-9A1E7A4F7556}") = "MicVolumeLocker", "MicVolume\MicVolumeLocker.csproj", "{468B441D-9F24-4ACD-86DA-739F7372ACDE}"
EndProject
Global
	GlobalSection(SolutionConfigurationPlatforms) = preSolution
		Debug|Any CPU = Debug|Any CPU
		Release|Any CPU = Release|Any CPU
	EndGlobalSection
	GlobalSection(ProjectConfigurationPlatforms) = postSolution
		{468B441D-9F24-4ACD-86DA-739F7372ACDE}.Debug|Any CPU.ActiveCfg = Debug|Any CPU
		{468B441D-9F24-4ACD-86DA-739F7372ACDE}.Debug|Any CPU.Build.0 = Debug|Any CPU
		{468B441D-9F24-4ACD-86DA-739F7372ACDE}.Release|Any CPU.ActiveCfg = Release|Any CPU
		{468B441D-9F24-4ACD-86DA-739F7372ACDE}.Release|Any CPU.Build.0 = Release|Any CPU
	EndGlobalSection
	GlobalSection(SolutionProperties) = preSolution
		HideSolutionNode = FALSE
	EndGlobalSection
	GlobalSection(ExtensibilityGlobals) = postSolution
		SolutionGuid = {CAC9EB39-F50C-4F3E-B750-B3AE4B23D262}
	EndGlobalSection
EndGlobal
